
Microsoft Visual Studio Solution File, Format Version 12.00
# Visual Studio 2012
Project("{FAE04EC0-301F-11D3-BF4B-00C04F79EFBC}") = "Jitter", "JitterPhysics\Jitter.csproj", "{3FA0A544-FD18-4BC4-8009-E880DC6939DE}"
EndProject
Project("{2150E333-8FDC-42A3-9474-1A3956D46DE8}") = "SolutionItems", "SolutionItems", "{AD33B1C2-FA62-402B-87AD-E815ED869D78}"
	ProjectSection(SolutionItems) = preProject
		README.md = README.md
	EndProjectSection
EndProject
Global
	GlobalSection(SolutionConfigurationPlatforms) = preSolution
		Debug|Any CPU = Debug|Any CPU
		Release|Any CPU = Release|Any CPU
	EndGlobalSection
	GlobalSection(ProjectConfigurationPlatforms) = postSolution
		{3FA0A544-FD18-4BC4-8009-E880DC6939DE}.Debug|Any CPU.ActiveCfg = Debug|Any CPU
		{3FA0A544-FD18-4BC4-8009-E880DC6939DE}.Debug|Any CPU.Build.0 = Debug|Any CPU
		{3FA0A544-FD18-4BC4-8009-E880DC6939DE}.Release|Any CPU.ActiveCfg = Release|Any CPU
		{3FA0A544-FD18-4BC4-8009-E880DC6939DE}.Release|Any CPU.Build.0 = Release|Any CPU
	EndGlobalSection
	GlobalSection(NestedProjects) = preSolution
	EndGlobalSection
EndGlobal
